
Microsoft Visual Studio Solution File, Format Version 12.00
# Visual Studio 15
VisualStudioVersion = 15.0.28307.1022
MinimumVisualStudioVersion = 10.0.40219.1
Project("{FAE04EC0-301F-11D3-BF4B-00C04F79EFBC}") = "part1csh", "part1csh\part1csh.csproj", "{BD1043FF-AF1A-49B9-9C16-521E795B2298}"
EndProject
Project("{FAE04EC0-301F-11D3-BF4B-00C04F79EFBC}") = "UnitTestProject1", "UnitTestProject1\UnitTestProject1.csproj", "{CE3226E9-2A94-4648-B995-F632932E9D30}"
EndProject
Project("{FAE04EC0-301F-11D3-BF4B-00C04F79EFBC}") = "UnitTestProject2", "UnitTestProject2\UnitTestProject2.csproj", "{24186F56-84E1-4114-8BD3-BF2264DB0DC6}"
EndProject
Project("{FAE04EC0-301F-11D3-BF4B-00C04F79EFBC}") = "part2csh", "part2csh\part2csh.csproj", "{193FABC2-34D3-47D6-B2D9-AC506C73B89F}"
EndProject
Global
	GlobalSection(SolutionConfigurationPlatforms) = preSolution
		Debug|Any CPU = Debug|Any CPU
		Release|Any CPU = Release|Any CPU
	EndGlobalSection
	GlobalSection(ProjectConfigurationPlatforms) = postSolution
		{BD1043FF-AF1A-49B9-9C16-521E795B2298}.Debug|Any CPU.ActiveCfg = Debug|Any CPU
		{BD1043FF-AF1A-49B9-9C16-521E795B2298}.Debug|Any CPU.Build.0 = Debug|Any CPU
		{BD1043FF-AF1A-49B9-9C16-521E795B2298}.Release|Any CPU.ActiveCfg = Release|Any CPU
		{BD1043FF-AF1A-49B9-9C16-521E795B2298}.Release|Any CPU.Build.0 = Release|Any CPU
		{CE3226E9-2A94-4648-B995-F632932E9D30}.Debug|Any CPU.ActiveCfg = Debug|Any CPU
		{CE3226E9-2A94-4648-B995-F632932E9D30}.Debug|Any CPU.Build.0 = Debug|Any CPU
		{CE3226E9-2A94-4648-B995-F632932E9D30}.Release|Any CPU.ActiveCfg = Release|Any CPU
		{CE3226E9-2A94-4648-B995-F632932E9D30}.Release|Any CPU.Build.0 = Release|Any CPU
		{24186F56-84E1-4114-8BD3-BF2264DB0DC6}.Debug|Any CPU.ActiveCfg = Debug|Any CPU
		{24186F56-84E1-4114-8BD3-BF2264DB0DC6}.Debug|Any CPU.Build.0 = Debug|Any CPU
		{24186F56-84E1-4114-8BD3-BF2264DB0DC6}.Release|Any CPU.ActiveCfg = Release|Any CPU
		{24186F56-84E1-4114-8BD3-BF2264DB0DC6}.Release|Any CPU.Build.0 = Release|Any CPU
		{193FABC2-34D3-47D6-B2D9-AC506C73B89F}.Debug|Any CPU.ActiveCfg = Debug|Any CPU
		{193FABC2-34D3-47D6-B2D9-AC506C73B89F}.Debug|Any CPU.Build.0 = Debug|Any CPU
		{193FABC2-34D3-47D6-B2D9-AC506C73B89F}.Release|Any CPU.ActiveCfg = Release|Any CPU
		{193FABC2-34D3-47D6-B2D9-AC506C73B89F}.Release|Any CPU.Build.0 = Release|Any CPU
	EndGlobalSection
	GlobalSection(SolutionProperties) = preSolution
		HideSolutionNode = FALSE
	EndGlobalSection
	GlobalSection(ExtensibilityGlobals) = postSolution
		SolutionGuid = {96C32808-849F-49DF-9784-A81CCB3DF825}
	EndGlobalSection
EndGlobal
